
Microsoft Visual Studio Solution File, Format Version 12.00
# Visual Studio Version 16
VisualStudioVersion = 16.0.29215.179
MinimumVisualStudioVersion = 10.0.40219.1
Project("{FAE04EC0-301F-11D3-BF4B-00C04F79EFBC}") = "Keygen", "Keygen\Keygen.csproj", "{BDD2B897-CED8-4986-BC10-0AF6747A3925}"
EndProject
Global
	GlobalSection(SolutionConfigurationPlatforms) = preSolution
		Debug|Any CPU = Debug|Any CPU
		Release|Any CPU = Release|Any CPU
	EndGlobalSection
	GlobalSection(ProjectConfigurationPlatforms) = postSolution
		{BDD2B897-CED8-4986-BC10-0AF6747A3925}.Debug|Any CPU.ActiveCfg = Debug|Any CPU
		{BDD2B897-CED8-4986-BC10-0AF6747A3925}.Debug|Any CPU.Build.0 = Debug|Any CPU
		{BDD2B897-CED8-4986-BC10-0AF6747A3925}.Release|Any CPU.ActiveCfg = Release|Any CPU
		{BDD2B897-CED8-4986-BC10-0AF6747A3925}.Release|Any CPU.Build.0 = Release|Any CPU
	EndGlobalSection
	GlobalSection(SolutionProperties) = preSolution
		HideSolutionNode = FALSE
	EndGlobalSection
	GlobalSection(ExtensibilityGlobals) = postSolution
		SolutionGuid = {512C4F21-FBAD-4B03-B9F5-12DA4576C244}
	EndGlobalSection
EndGlobal
